// !$*UTF8*$!
{
	archiveVersion = 1;
	classes = {
	};
	objectVersion = 50;
	objects = {

/* Begin PBXBuildFile section */
		99EC355B26007C39007044FC /* AppDelegate.m in Sources */ = {isa = PBXBuildFile; fileRef = 99EC355A26007C39007044FC /* AppDelegate.m */; };
		99EC355E26007C39007044FC /* SceneDelegate.m in Sources */ = {isa = PBXBuildFile; fileRef = 99EC355D26007C39007044FC /* SceneDelegate.m */; };
		99EC356126007C39007044FC /* ViewController.m in Sources */ = {isa = PBXBuildFile; fileRef = 99EC356026007C39007044FC /* ViewController.m */; };
		99EC356426007C39007044FC /* Main.storyboard in Resources */ = {isa = PBXBuildFile; fileRef = 99EC356226007C39007044FC /* Main.storyboard */; };
		99EC356626007C3F007044FC /* Assets.xcassets in Resources */ = {isa = PBXBuildFile; fileRef = 99EC356526007C3F007044FC /* Assets.xcassets */; };
		99EC356926007C3F007044FC /* LaunchScreen.storyboard in Resources */ = {isa = PBXBuildFile; fileRef = 99EC356726007C3F007044FC /* LaunchScreen.storyboard */; };
		99EC356C26007C3F007044FC /* main.m in Sources */ = {isa = PBXBuildFile; fileRef = 99EC356B26007C3F007044FC /* main.m */; };
		99EC357626007C40007044FC /* jwtToken0239Tests.m in Sources */ = {isa = PBXBuildFile; fileRef = 99EC357526007C40007044FC /* jwtToken0239Tests.m */; };
		99EC358126007C40007044FC /* jwtToken0239UITests.m in Sources */ = {isa = PBXBuildFile; fileRef = 99EC358026007C40007044FC /* jwtToken0239UITests.m */; };
		99EC359126007E29007044FC /* Token.m in Sources */ = {isa = PBXBuildFile; fileRef = 99EC359026007E29007044FC /* Token.m */; };
/* End PBXBuildFile section */

/* Begin PBXContainerItemProxy section */
		99EC357226007C40007044FC /* PBXContainerItemProxy */ = {
			isa = PBXContainerItemProxy;
			containerPortal = 99EC354E26007C39007044FC /* Project object */;
			proxyType = 1;
			remoteGlobalIDString = 99EC355526007C39007044FC;
			remoteInfo = jwtToken0239;
		};
		99EC357D26007C40007044FC /* PBXContainerItemProxy */ = {
			isa = PBXContainerItemProxy;
			containerPortal = 99EC354E26007C39007044FC /* Project object */;
			proxyType = 1;
			remoteGlobalIDString = 99EC355526007C39007044FC;
			remoteInfo = jwtToken0239;
		};
/* End PBXContainerItemProxy section */

/* Begin PBXFileReference section */
		99EC355626007C39007044FC /* jwtToken0239.app */ = {isa = PBXFileReference; explicitFileType = wrapper.application; includeInIndex = 0; path = jwtToken0239.app; sourceTree = BUILT_PRODUCTS_DIR; };
		99EC355926007C39007044FC /* AppDelegate.h */ = {isa = PBXFileReference; lastKnownFileType = sourcecode.c.h; path = AppDelegate.h; sourceTree = "<group>"; };
		99EC355A26007C39007044FC /* AppDelegate.m */ = {isa = PBXFileReference; lastKnownFileType = sourcecode.c.objc; path = AppDelegate.m; sourceTree = "<group>"; };
		99EC355C26007C39007044FC /* SceneDelegate.h */ = {isa = PBXFileReference; lastKnownFileType = sourcecode.c.h; path = SceneDelegate.h; sourceTree = "<group>"; };
		99EC355D26007C39007044FC /* SceneDelegate.m */ = {isa = PBXFileReference; lastKnownFileType = sourcecode.c.objc; path = SceneDelegate.m; sourceTree = "<group>"; };
		99EC355F26007C39007044FC /* ViewController.h */ = {isa = PBXFileReference; lastKnownFileType = sourcecode.c.h; path = ViewController.h; sourceTree = "<group>"; };
		99EC356026007C39007044FC /* ViewController.m */ = {isa = PBXFileReference; lastKnownFileType = sourcecode.c.objc; path = ViewController.m; sourceTree = "<group>"; };
		99EC356326007C39007044FC /* Base */ = {isa = PBXFileReference; lastKnownFileType = file.storyboard; name = Base; path = Base.lproj/Main.storyboard; sourceTree = "<group>"; };
		99EC356526007C3F007044FC /* Assets.xcassets */ = {isa = PBXFileReference; lastKnownFileType = folder.assetcatalog; path = Assets.xcassets; sourceTree = "<group>"; };
		99EC356826007C3F007044FC /* Base */ = {isa = PBXFileReference; lastKnownFileType = file.storyboard; name = Base; path = Base.lproj/LaunchScreen.storyboard; sourceTree = "<group>"; };
		99EC356A26007C3F007044FC /* Info.plist */ = {isa = PBXFileReference; lastKnownFileType = text.plist.xml; path = Info.plist; sourceTree = "<group>"; };
		99EC356B26007C3F007044FC /* main.m */ = {isa = PBXFileReference; lastKnownFileType = sourcecode.c.objc; path = main.m; sourceTree = "<group>"; };
		99EC357126007C40007044FC /* jwtToken0239Tests.xctest */ = {isa = PBXFileReference; explicitFileType = wrapper.cfbundle; includeInIndex = 0; path = jwtToken0239Tests.xctest; sourceTree = BUILT_PRODUCTS_DIR; };
		99EC357526007C40007044FC /* jwtToken0239Tests.m */ = {isa = PBXFileReference; lastKnownFileType = sourcecode.c.objc; path = jwtToken0239Tests.m; sourceTree = "<group>"; };
		99EC357726007C40007044FC /* Info.plist */ = {isa = PBXFileReference; lastKnownFileType = text.plist.xml; path = Info.plist; sourceTree = "<group>"; };
		99EC357C26007C40007044FC /* jwtToken0239UITests.xctest */ = {isa = PBXFileReference; explicitFileType = wrapper.cfbundle; includeInIndex = 0; path = jwtToken0239UITests.xctest; sourceTree = BUILT_PRODUCTS_DIR; };
		99EC358026007C40007044FC /* jwtToken0239UITests.m */ = {isa = PBXFileReference; lastKnownFileType = sourcecode.c.objc; path = jwtToken0239UITests.m; sourceTree = "<group>"; };
		99EC358226007C40007044FC /* Info.plist */ = {isa = PBXFileReference; lastKnownFileType = text.plist.xml; path = Info.plist; sourceTree = "<group>"; };
		99EC358F26007E29007044FC /* Token.h */ = {isa = PBXFileReference; lastKnownFileType = sourcecode.c.h; path = Token.h; sourceTree = "<group>"; };
		99EC359026007E29007044FC /* Token.m */ = {isa = PBXFileReference; lastKnownFileType = sourcecode.c.objc; path = Token.m; sourceTree = "<group>"; };
/* End PBXFileReference section */

/* Begin PBXFrameworksBuildPhase section */
		99EC355326007C39007044FC /* Frameworks */ = {
			isa = PBXFrameworksBuildPhase;
			buildActionMask = 2147483647;
			files = (
			);
			runOnlyForDeploymentPostprocessing = 0;
		};
		99EC356E26007C40007044FC /* Frameworks */ = {
			isa = PBXFrameworksBuildPhase;
			buildActionMask = 2147483647;
			files = (
			);
			runOnlyForDeploymentPostprocessing = 0;
		};
		99EC357926007C40007044FC /* Frameworks */ = {
			isa = PBXFrameworksBuildPhase;
			buildActionMask = 2147483647;
			files = (
			);
			runOnlyForDeploymentPostprocessing = 0;
		};
/* End PBXFrameworksBuildPhase section */

/* Begin PBXGroup section */
		99EC354D26007C39007044FC = {
			isa = PBXGroup;
			children = (
				99EC355826007C39007044FC /* jwtToken0239 */,
				99EC357426007C40007044FC /* jwtToken0239Tests */,
				99EC357F26007C40007044FC /* jwtToken0239UITests */,
				99EC355726007C39007044FC /* Products */,
			);
			sourceTree = "<group>";
		};
		99EC355726007C39007044FC /* Products */ = {
			isa = PBXGroup;
			children = (
				99EC355626007C39007044FC /* jwtToken0239.app */,
				99EC357126007C40007044FC /* jwtToken0239Tests.xctest */,
				99EC357C26007C40007044FC /* jwtToken0239UITests.xctest */,
			);
			name = Products;
			sourceTree = "<group>";
		};
		99EC355826007C39007044FC /* jwtToken0239 */ = {
			isa = PBXGroup;
			children = (
				99EC358E26007E09007044FC /* Token */,
				99EC355926007C39007044FC /* AppDelegate.h */,
				99EC355A26007C39007044FC /* AppDelegate.m */,
				99EC355C26007C39007044FC /* SceneDelegate.h */,
				99EC355D26007C39007044FC /* SceneDelegate.m */,
				99EC355F26007C39007044FC /* ViewController.h */,
				99EC356026007C39007044FC /* ViewController.m */,
				99EC356226007C39007044FC /* Main.storyboard */,
				99EC356526007C3F007044FC /* Assets.xcassets */,
				99EC356726007C3F007044FC /* LaunchScreen.storyboard */,
				99EC356A26007C3F007044FC /* Info.plist */,
				99EC356B26007C3F007044FC /* main.m */,
			);
			path = jwtToken0239;
			sourceTree = "<group>";
		};
		99EC357426007C40007044FC /* jwtToken0239Tests */ = {
			isa = PBXGroup;
			children = (
				99EC357526007C40007044FC /* jwtToken0239Tests.m */,
				99EC357726007C40007044FC /* Info.plist */,
			);
			path = jwtToken0239Tests;
			sourceTree = "<group>";
		};
		99EC357F26007C40007044FC /* jwtToken0239UITests */ = {
			isa = PBXGroup;
			children = (
				99EC358026007C40007044FC /* jwtToken0239UITests.m */,
				99EC358226007C40007044FC /* Info.plist */,
			);
			path = jwtToken0239UITests;
			sourceTree = "<group>";
		};
		99EC358E26007E09007044FC /* Token */ = {
			isa = PBXGroup;
			children = (
				99EC358F26007E29007044FC /* Token.h */,
				99EC359026007E29007044FC /* Token.m */,
			);
			path = Token;
			sourceTree = "<group>";
		};
/* End PBXGroup section */

/* Begin PBXNativeTarget section */
		99EC355526007C39007044FC /* jwtToken0239 */ = {
			isa = PBXNativeTarget;
			buildConfigurationList = 99EC358526007C40007044FC /* Build configuration list for PBXNativeTarget "jwtToken0239" */;
			buildPhases = (
				99EC355226007C39007044FC /* Sources */,
				99EC355326007C39007044FC /* Frameworks */,
				99EC355426007C39007044FC /* Resources */,
			);
			buildRules = (
			);
			dependencies = (
			);
			name = jwtToken0239;
			productName = jwtToken0239;
			productReference = 99EC355626007C39007044FC /* jwtToken0239.app */;
			productType = "com.apple.product-type.application";
		};
		99EC357026007C40007044FC /* jwtToken0239Tests */ = {
			isa = PBXNativeTarget;
			buildConfigurationList = 99EC358826007C40007044FC /* Build configuration list for PBXNativeTarget "jwtToken0239Tests" */;
			buildPhases = (
				99EC356D26007C40007044FC /* Sources */,
				99EC356E26007C40007044FC /* Frameworks */,
				99EC356F26007C40007044FC /* Resources */,
			);
			buildRules = (
			);
			dependencies = (
				99EC357326007C40007044FC /* PBXTargetDependency */,
			);
			name = jwtToken0239Tests;
			productName = jwtToken0239Tests;
			productReference = 99EC357126007C40007044FC /* jwtToken0239Tests.xctest */;
			productType = "com.apple.product-type.bundle.unit-test";
		};
		99EC357B26007C40007044FC /* jwtToken0239UITests */ = {
			isa = PBXNativeTarget;
			buildConfigurationList = 99EC358B26007C40007044FC /* Build configuration list for PBXNativeTarget "jwtToken0239UITests" */;
			buildPhases = (
				99EC357826007C40007044FC /* Sources */,
				99EC357926007C40007044FC /* Frameworks */,
				99EC357A26007C40007044FC /* Resources */,
			);
			buildRules = (
			);
			dependencies = (
				99EC357E26007C40007044FC /* PBXTargetDependency */,
			);
			name = jwtToken0239UITests;
			productName = jwtToken0239UITests;
			productReference = 99EC357C26007C40007044FC /* jwtToken0239UITests.xctest */;
			productType = "com.apple.product-type.bundle.ui-testing";
		};
/* End PBXNativeTarget section */

/* Begin PBXProject section */
		99EC354E26007C39007044FC /* Project object */ = {
			isa = PBXProject;
			attributes = {
				LastUpgradeCheck = 1250;
				TargetAttributes = {
					99EC355526007C39007044FC = {
						CreatedOnToolsVersion = 12.5;
					};
					99EC357026007C40007044FC = {
						CreatedOnToolsVersion = 12.5;
						TestTargetID = 99EC355526007C39007044FC;
					};
					99EC357B26007C40007044FC = {
						CreatedOnToolsVersion = 12.5;
						TestTargetID = 99EC355526007C39007044FC;
					};
				};
			};
			buildConfigurationList = 99EC355126007C39007044FC /* Build configuration list for PBXProject "jwtToken0239" */;
			compatibilityVersion = "Xcode 9.3";
			developmentRegion = en;
			hasScannedForEncodings = 0;
			knownRegions = (
				en,
				Base,
			);
			mainGroup = 99EC354D26007C39007044FC;
			productRefGroup = 99EC355726007C39007044FC /* Products */;
			projectDirPath = "";
			projectRoot = "";
			targets = (
				99EC355526007C39007044FC /* jwtToken0239 */,
				99EC357026007C40007044FC /* jwtToken0239Tests */,
				99EC357B26007C40007044FC /* jwtToken0239UITests */,
			);
		};
/* End PBXProject section */

/* Begin PBXResourcesBuildPhase section */
		99EC355426007C39007044FC /* Resources */ = {
			isa = PBXResourcesBuildPhase;
			buildActionMask = 2147483647;
			files = (
				99EC356926007C3F007044FC /* LaunchScreen.storyboard in Resources */,
				99EC356626007C3F007044FC /* Assets.xcassets in Resources */,
				99EC356426007C39007044FC /* Main.storyboard in Resources */,
			);
			runOnlyForDeploymentPostprocessing = 0;
		};
		99EC356F26007C40007044FC /* Resources */ = {
			isa = PBXResourcesBuildPhase;
			buildActionMask = 2147483647;
			files = (
			);
			runOnlyForDeploymentPostprocessing = 0;
		};
		99EC357A26007C40007044FC /* Resources */ = {
			isa = PBXResourcesBuildPhase;
			buildActionMask = 2147483647;
			files = (
			);
			runOnlyForDeploymentPostprocessing = 0;
		};
/* End PBXResourcesBuildPhase section */

/* Begin PBXSourcesBuildPhase section */
		99EC355226007C39007044FC /* Sources */ = {
			isa = PBXSourcesBuildPhase;
			buildActionMask = 2147483647;
			files = (
				99EC356126007C39007044FC /* ViewController.m in Sources */,
				99EC359126007E29007044FC /* Token.m in Sources */,
				99EC355B26007C39007044FC /* AppDelegate.m in Sources */,
				99EC356C26007C3F007044FC /* main.m in Sources */,
				99EC355E26007C39007044FC /* SceneDelegate.m in Sources */,
			);
			runOnlyForDeploymentPostprocessing = 0;
		};
		99EC356D26007C40007044FC /* Sources */ = {
			isa = PBXSourcesBuildPhase;
			buildActionMask = 2147483647;
			files = (
				99EC357626007C40007044FC /* jwtToken0239Tests.m in Sources */,
			);
			runOnlyForDeploymentPostprocessing = 0;
		};
		99EC357826007C40007044FC /* Sources */ = {
			isa = PBXSourcesBuildPhase;
			buildActionMask = 2147483647;
			files = (
				99EC358126007C40007044FC /* jwtToken0239UITests.m in Sources */,
			);
			runOnlyForDeploymentPostprocessing = 0;
		};
/* End PBXSourcesBuildPhase section */

/* Begin PBXTargetDependency section */
		99EC357326007C40007044FC /* PBXTargetDependency */ = {
			isa = PBXTargetDependency;
			target = 99EC355526007C39007044FC /* jwtToken0239 */;
			targetProxy = 99EC357226007C40007044FC /* PBXContainerItemProxy */;
		};
		99EC357E26007C40007044FC /* PBXTargetDependency */ = {
			isa = PBXTargetDependency;
			target = 99EC355526007C39007044FC /* jwtToken0239 */;
			targetProxy = 99EC357D26007C40007044FC /* PBXContainerItemProxy */;
		};
/* End PBXTargetDependency section */

/* Begin PBXVariantGroup section */
		99EC356226007C39007044FC /* Main.storyboard */ = {
			isa = PBXVariantGroup;
			children = (
				99EC356326007C39007044FC /* Base */,
			);
			name = Main.storyboard;
			sourceTree = "<group>";
		};
		99EC356726007C3F007044FC /* LaunchScreen.storyboard */ = {
			isa = PBXVariantGroup;
			children = (
				99EC356826007C3F007044FC /* Base */,
			);
			name = LaunchScreen.storyboard;
			sourceTree = "<group>";
		};
/* End PBXVariantGroup section */

/* Begin XCBuildConfiguration section */
		99EC358326007C40007044FC /* Debug */ = {
			isa = XCBuildConfiguration;
			buildSettings = {
				ALWAYS_SEARCH_USER_PATHS = NO;
				CLANG_ANALYZER_NONNULL = YES;
				CLANG_ANALYZER_NUMBER_OBJECT_CONVERSION = YES_AGGRESSIVE;
				CLANG_CXX_LANGUAGE_STANDARD = "gnu++14";
				CLANG_CXX_LIBRARY = "libc++";
				CLANG_ENABLE_MODULES = YES;
				CLANG_ENABLE_OBJC_ARC = YES;
				CLANG_ENABLE_OBJC_WEAK = YES;
				CLANG_WARN_BLOCK_CAPTURE_AUTORELEASING = YES;
				CLANG_WARN_BOOL_CONVERSION = YES;
				CLANG_WARN_COMMA = YES;
				CLANG_WARN_CONSTANT_CONVERSION = YES;
				CLANG_WARN_DEPRECATED_OBJC_IMPLEMENTATIONS = YES;
				CLANG_WARN_DIRECT_OBJC_ISA_USAGE = YES_ERROR;
				CLANG_WARN_DOCUMENTATION_COMMENTS = YES;
				CLANG_WARN_EMPTY_BODY = YES;
				CLANG_WARN_ENUM_CONVERSION = YES;
				CLANG_WARN_INFINITE_RECURSION = YES;
				CLANG_WARN_INT_CONVERSION = YES;
				CLANG_WARN_NON_LITERAL_NULL_CONVERSION = YES;
				CLANG_WARN_OBJC_IMPLICIT_RETAIN_SELF = YES;
				CLANG_WARN_OBJC_LITERAL_CONVERSION = YES;
				CLANG_WARN_OBJC_ROOT_CLASS = YES_ERROR;
				CLANG_WARN_QUOTED_INCLUDE_IN_FRAMEWORK_HEADER = YES;
				CLANG_WARN_RANGE_LOOP_ANALYSIS = YES;
				CLANG_WARN_STRICT_PROTOTYPES = YES;
				CLANG_WARN_SUSPICIOUS_MOVE = YES;
				CLANG_WARN_UNGUARDED_AVAILABILITY = YES_AGGRESSIVE;
				CLANG_WARN_UNREACHABLE_CODE = YES;
				CLANG_WARN__DUPLICATE_METHOD_MATCH = YES;
				COPY_PHASE_STRIP = NO;
				DEBUG_INFORMATION_FORMAT = dwarf;
				ENABLE_STRICT_OBJC_MSGSEND = YES;
				ENABLE_TESTABILITY = YES;
				GCC_C_LANGUAGE_STANDARD = gnu11;
				GCC_DYNAMIC_NO_PIC = NO;
				GCC_NO_COMMON_BLOCKS = YES;
				GCC_OPTIMIZATION_LEVEL = 0;
				GCC_PREPROCESSOR_DEFINITIONS = (
					"DEBUG=1",
					"$(inherited)",
				);
				GCC_WARN_64_TO_32_BIT_CONVERSION = YES;
				GCC_WARN_ABOUT_RETURN_TYPE = YES_ERROR;
				GCC_WARN_UNDECLARED_SELECTOR = YES;
				GCC_WARN_UNINITIALIZED_AUTOS = YES_AGGRESSIVE;
				GCC_WARN_UNUSED_FUNCTION = YES;
				GCC_WARN_UNUSED_VARIABLE = YES;
				IPHONEOS_DEPLOYMENT_TARGET = 14.5;
				MTL_ENABLE_DEBUG_INFO = INCLUDE_SOURCE;
				MTL_FAST_MATH = YES;
				ONLY_ACTIVE_ARCH = YES;
				SDKROOT = iphoneos;
			};
			name = Debug;
		};
		99EC358426007C40007044FC /* Release */ = {
			isa = XCBuildConfiguration;
			buildSettings = {
				ALWAYS_SEARCH_USER_PATHS = NO;
				CLANG_ANALYZER_NONNULL = YES;
				CLANG_ANALYZER_NUMBER_OBJECT_CONVERSION = YES_AGGRESSIVE;
				CLANG_CXX_LANGUAGE_STANDARD = "gnu++14";
				CLANG_CXX_LIBRARY = "libc++";
				CLANG_ENABLE_MODULES = YES;
				CLANG_ENABLE_OBJC_ARC = YES;
				CLANG_ENABLE_OBJC_WEAK = YES;
				CLANG_WARN_BLOCK_CAPTURE_AUTORELEASING = YES;
				CLANG_WARN_BOOL_CONVERSION = YES;
				CLANG_WARN_COMMA = YES;
				CLANG_WARN_CONSTANT_CONVERSION = YES;
				CLANG_WARN_DEPRECATED_OBJC_IMPLEMENTATIONS = YES;
				CLANG_WARN_DIRECT_OBJC_ISA_USAGE = YES_ERROR;
				CLANG_WARN_DOCUMENTATION_COMMENTS = YES;
				CLANG_WARN_EMPTY_BODY = YES;
				CLANG_WARN_ENUM_CONVERSION = YES;
				CLANG_WARN_INFINITE_RECURSION = YES;
				CLANG_WARN_INT_CONVERSION = YES;
				CLANG_WARN_NON_LITERAL_NULL_CONVERSION = YES;
				CLANG_WARN_OBJC_IMPLICIT_RETAIN_SELF = YES;
				CLANG_WARN_OBJC_LITERAL_CONVERSION = YES;
				CLANG_WARN_OBJC_ROOT_CLASS = YES_ERROR;
				CLANG_WARN_QUOTED_INCLUDE_IN_FRAMEWORK_HEADER = YES;
				CLANG_WARN_RANGE_LOOP_ANALYSIS = YES;
				CLANG_WARN_STRICT_PROTOTYPES = YES;
				CLANG_WARN_SUSPICIOUS_MOVE = YES;
				CLANG_WARN_UNGUARDED_AVAILABILITY = YES_AGGRESSIVE;
				CLANG_WARN_UNREACHABLE_CODE = YES;
				CLANG_WARN__DUPLICATE_METHOD_MATCH = YES;
				COPY_PHASE_STRIP = NO;
				DEBUG_INFORMATION_FORMAT = "dwarf-with-dsym";
				ENABLE_NS_ASSERTIONS = NO;
				ENABLE_STRICT_OBJC_MSGSEND = YES;
				GCC_C_LANGUAGE_STANDARD = gnu11;
				GCC_NO_COMMON_BLOCKS = YES;
				GCC_WARN_64_TO_32_BIT_CONVERSION = YES;
				GCC_WARN_ABOUT_RETURN_TYPE = YES_ERROR;
				GCC_WARN_UNDECLARED_SELECTOR = YES;
				GCC_WARN_UNINITIALIZED_AUTOS = YES_AGGRESSIVE;
				GCC_WARN_UNUSED_FUNCTION = YES;
				GCC_WARN_UNUSED_VARIABLE = YES;
				IPHONEOS_DEPLOYMENT_TARGET = 14.5;
				MTL_ENABLE_DEBUG_INFO = NO;
				MTL_FAST_MATH = YES;
				SDKROOT = iphoneos;
				VALIDATE_PRODUCT = YES;
			};
			name = Release;
		};
		99EC358626007C40007044FC /* Debug */ = {
			isa = XCBuildConfiguration;
			buildSettings = {
				ASSETCATALOG_COMPILER_APPICON_NAME = AppIcon;
				ASSETCATALOG_COMPILER_GLOBAL_ACCENT_COLOR_NAME = AccentColor;
				CODE_SIGN_STYLE = Automatic;
				DEVELOPMENT_TEAM = 5WC353G536;
				INFOPLIST_FILE = jwtToken0239/Info.plist;
				LD_RUNPATH_SEARCH_PATHS = (
					"$(inherited)",
					"@executable_path/Frameworks",
				);
				PRODUCT_BUNDLE_IDENTIFIER = timothy.jwtToken0239;
				PRODUCT_NAME = "$(TARGET_NAME)";
				TARGETED_DEVICE_FAMILY = "1,2";
			};
			name = Debug;
		};
		99EC358726007C40007044FC /* Release */ = {
			isa = XCBuildConfiguration;
			buildSettings = {
				ASSETCATALOG_COMPILER_APPICON_NAME = AppIcon;
				ASSETCATALOG_COMPILER_GLOBAL_ACCENT_COLOR_NAME = AccentColor;
				CODE_SIGN_STYLE = Automatic;
				DEVELOPMENT_TEAM = 5WC353G536;
				INFOPLIST_FILE = jwtToken0239/Info.plist;
				LD_RUNPATH_SEARCH_PATHS = (
					"$(inherited)",
					"@executable_path/Frameworks",
				);
				PRODUCT_BUNDLE_IDENTIFIER = timothy.jwtToken0239;
				PRODUCT_NAME = "$(TARGET_NAME)";
				TARGETED_DEVICE_FAMILY = "1,2";
			};
			name = Release;
		};
		99EC358926007C40007044FC /* Debug */ = {
			isa = XCBuildConfiguration;
			buildSettings = {
				BUNDLE_LOADER = "$(TEST_HOST)";
				CODE_SIGN_STYLE = Automatic;
				DEVELOPMENT_TEAM = 5WC353G536;
				INFOPLIST_FILE = jwtToken0239Tests/Info.plist;
				IPHONEOS_DEPLOYMENT_TARGET = 14.5;
				LD_RUNPATH_SEARCH_PATHS = (
					"$(inherited)",
					"@executable_path/Frameworks",
					"@loader_path/Frameworks",
				);
				PRODUCT_BUNDLE_IDENTIFIER = timothy.jwtToken0239Tests;
				PRODUCT_NAME = "$(TARGET_NAME)";
				TARGETED_DEVICE_FAMILY = "1,2";
				TEST_HOST = "$(BUILT_PRODUCTS_DIR)/jwtToken0239.app/jwtToken0239";
			};
			name = Debug;
		};
		99EC358A26007C40007044FC /* Release */ = {
			isa = XCBuildConfiguration;
			buildSettings = {
				BUNDLE_LOADER = "$(TEST_HOST)";
				CODE_SIGN_STYLE = Automatic;
				DEVELOPMENT_TEAM = 5WC353G536;
				INFOPLIST_FILE = jwtToken0239Tests/Info.plist;
				IPHONEOS_DEPLOYMENT_TARGET = 14.5;
				LD_RUNPATH_SEARCH_PATHS = (
					"$(inherited)",
					"@executable_path/Frameworks",
					"@loader_path/Frameworks",
				);
				PRODUCT_BUNDLE_IDENTIFIER = timothy.jwtToken0239Tests;
				PRODUCT_NAME = "$(TARGET_NAME)";
				TARGETED_DEVICE_FAMILY = "1,2";
				TEST_HOST = "$(BUILT_PRODUCTS_DIR)/jwtToken0239.app/jwtToken0239";
			};
			name = Release;
		};
		99EC358C26007C40007044FC /* Debug */ = {
			isa = XCBuildConfiguration;
			buildSettings = {
				CODE_SIGN_STYLE = Automatic;
				DEVELOPMENT_TEAM = 5WC353G536;
				INFOPLIST_FILE = jwtToken0239UITests/Info.plist;
				LD_RUNPATH_SEARCH_PATHS = (
					"$(inherited)",
					"@executable_path/Frameworks",
					"@loader_path/Frameworks",
				);
				PRODUCT_BUNDLE_IDENTIFIER = timothy.jwtToken0239UITests;
				PRODUCT_NAME = "$(TARGET_NAME)";
				TARGETED_DEVICE_FAMILY = "1,2";
				TEST_TARGET_NAME = jwtToken0239;
			};
			name = Debug;
		};
		99EC358D26007C40007044FC /* Release */ = {
			isa = XCBuildConfiguration;
			buildSettings = {
				CODE_SIGN_STYLE = Automatic;
				DEVELOPMENT_TEAM = 5WC353G536;
				INFOPLIST_FILE = jwtToken0239UITests/Info.plist;
				LD_RUNPATH_SEARCH_PATHS = (
					"$(inherited)",
					"@executable_path/Frameworks",
					"@loader_path/Frameworks",
				);
				PRODUCT_BUNDLE_IDENTIFIER = timothy.jwtToken0239UITests;
				PRODUCT_NAME = "$(TARGET_NAME)";
				TARGETED_DEVICE_FAMILY = "1,2";
				TEST_TARGET_NAME = jwtToken0239;
			};
			name = Release;
		};
/* End XCBuildConfiguration section */

/* Begin XCConfigurationList section */
		99EC355126007C39007044FC /* Build configuration list for PBXProject "jwtToken0239" */ = {
			isa = XCConfigurationList;
			buildConfigurations = (
				99EC358326007C40007044FC /* Debug */,
				99EC358426007C40007044FC /* Release */,
			);
			defaultConfigurationIsVisible = 0;
			defaultConfigurationName = Release;
		};
		99EC358526007C40007044FC /* Build configuration list for PBXNativeTarget "jwtToken0239" */ = {
			isa = XCConfigurationList;
			buildConfigurations = (
				99EC358626007C40007044FC /* Debug */,
				99EC358726007C40007044FC /* Release */,
			);
			defaultConfigurationIsVisible = 0;
			defaultConfigurationName = Release;
		};
		99EC358826007C40007044FC /* Build configuration list for PBXNativeTarget "jwtToken0239Tests" */ = {
			isa = XCConfigurationList;
			buildConfigurations = (
				99EC358926007C40007044FC /* Debug */,
				99EC358A26007C40007044FC /* Release */,
			);
			defaultConfigurationIsVisible = 0;
			defaultConfigurationName = Release;
		};
		99EC358B26007C40007044FC /* Build configuration list for PBXNativeTarget "jwtToken0239UITests" */ = {
			isa = XCConfigurationList;
			buildConfigurations = (
				99EC358C26007C40007044FC /* Debug */,
				99EC358D26007C40007044FC /* Release */,
			);
			defaultConfigurationIsVisible = 0;
			defaultConfigurationName = Release;
		};
/* End XCConfigurationList section */
	};
	rootObject = 99EC354E26007C39007044FC /* Project object */;
}
